// !$*UTF8*$!
{
	archiveVersion = 1;
	classes = {
	};
	objectVersion = 77;
	objects = {

/* Begin PBXBuildFile section */
		00DC6E60E773FA6676458F2B /* StoreManager.swift in Sources */ = {isa = PBXBuildFile; fileRef = EECFFFDE94EAEA267204DCC7 /* StoreManager.swift */; };
		01D8128740A2C4FD8703C57D /* ClassicPoemTitle-en.json in Resources */ = {isa = PBXBuildFile; fileRef = C9C73057A8AA2B1B55459E97 /* ClassicPoemTitle-en.json */; };
		0549E40EF09FE4C9B8446814 /* guqin_yangguan_sandie.m4a in Resources */ = {isa = PBXBuildFile; fileRef = 9628D38EBACAE00D0AB57325 /* guqin_yangguan_sandie.m4a */; };
		05C10F5EA88CBDA1ED174631 /* ATTRIBUTION.md in Resources */ = {isa = PBXBuildFile; fileRef = 164170EF217B7D045BF98FC6 /* ATTRIBUTION.md */; };
		11CC84A0F09B4779890A464F /* PoemMusicPlayer.swift in Sources */ = {isa = PBXBuildFile; fileRef = 81A16E1C415515282FF3A754 /* PoemMusicPlayer.swift */; };
		195BEC16D6D930F582E4C06E /* ClassicPoem.swift in Sources */ = {isa = PBXBuildFile; fileRef = FAC451B10B428A2F1989BC39 /* ClassicPoem.swift */; };
		1DD57F4A995CD42029E8558B /* HuiwenMincho.otf in Resources */ = {isa = PBXBuildFile; fileRef = 0B5E1C7761EF91CFD11F58C7 /* HuiwenMincho.otf */; };
		24177CBFA190254D7C90BAAF /* PoemComposerView.swift in Sources */ = {isa = PBXBuildFile; fileRef = 015CB36912E6273007CEC813 /* PoemComposerView.swift */; };
		293F14FCF472DF103EE953B7 /* InfoPlist.strings in Resources */ = {isa = PBXBuildFile; fileRef = E3649A4A8322DBBBD3EBDDEC /* InfoPlist.strings */; };
		2BD9BEFD5CD208A4053E5DD9 /* PoetGalleryView.swift in Sources */ = {isa = PBXBuildFile; fileRef = 3D5718A6538BE050FDF17F69 /* PoetGalleryView.swift */; };
		30E651F799331555B618CEBC /* qiu_feng_ci.m4a in Resources */ = {isa = PBXBuildFile; fileRef = 09FAFAB2AC93AA2BEAE6E3B4 /* qiu_feng_ci.m4a */; };
		37F011121183F7A93EF41BB9 /* pingsha_luoyan.m4a in Resources */ = {isa = PBXBuildFile; fileRef = 739DC39A4B4A9F8E156A1458 /* pingsha_luoyan.m4a */; };
		3B85ED4598D24C64F18C2A84 /* TangShiThreeHundredLibrary.swift in Sources */ = {isa = PBXBuildFile; fileRef = 986224FEE3E62C01D561DD0E /* TangShiThreeHundredLibrary.swift */; };
		3C2D989C46169C6ED8547542 /* ClassicPoetryView.swift in Sources */ = {isa = PBXBuildFile; fileRef = DE9B4B6B26B2F75D6D84D819 /* ClassicPoetryView.swift */; };
		3C31BF2EBC887A10D1BB132E /* SongCiThreeHundred.json in Resources */ = {isa = PBXBuildFile; fileRef = F9C3DF9D994F99E1647DBDF8 /* SongCiThreeHundred.json */; };
		41D01F01E8516EFD0053645D /* Products.storekit in Resources */ = {isa = PBXBuildFile; fileRef = 6219AE591884B9E04A73297E /* Products.storekit */; };
		4BECA6E696CE8BEDEFCA0FB7 /* SpotlightGuide.swift in Sources */ = {isa = PBXBuildFile; fileRef = 1BD2F38AA54792DABF33C930 /* SpotlightGuide.swift */; };
		4D04335B6FC9293844D726A6 /* PoetryApp.swift in Sources */ = {isa = PBXBuildFile; fileRef = E9D0C31D37A622B5F5477405 /* PoetryApp.swift */; };
		4DB48F7C4F5FBFC531519E42 /* WenYueGuTiFangSongTC.otf in Resources */ = {isa = PBXBuildFile; fileRef = 6859CCFEC92069C08354BD1F /* WenYueGuTiFangSongTC.otf */; };
		577E4C177BB4F8FF570BC57E /* ClassicPoet.swift in Sources */ = {isa = PBXBuildFile; fileRef = 667846721A046919D41A479B /* ClassicPoet.swift */; };
		5ED398FECB6CF03717D50DFF /* liu_shui.m4a in Resources */ = {isa = PBXBuildFile; fileRef = 357EF1E8CDF2B9C5C7D31AD4 /* liu_shui.m4a */; };
		6589AFB4A6B89708BFDF9EDA /* NameTransliterator.swift in Sources */ = {isa = PBXBuildFile; fileRef = AE5E8E17A2316466737D3E99 /* NameTransliterator.swift */; };
		6AE96111958BA7282B5864E5 /* ClassicPoemTranslation-en.json in Resources */ = {isa = PBXBuildFile; fileRef = 48F2B781FE1CC7A124258630 /* ClassicPoemTranslation-en.json */; };
		0C8BE91914269DC371153D1F /* ClassicPoemTranslation-zh.json in Resources */ = {isa = PBXBuildFile; fileRef = 018FAE2F9E38DBE2AE3126CA /* ClassicPoemTranslation-zh.json */; };
		70C6C1E67BEB9EE0AE98C190 /* Assets.xcassets in Resources */ = {isa = PBXBuildFile; fileRef = F62C30408E552A0B41C6FF95 /* Assets.xcassets */; };
		722BE2E663079DD3264F3BDB /* LXGWWenKaiLite-Regular.ttf in Resources */ = {isa = PBXBuildFile; fileRef = CF022F287632A87217A8F61E /* LXGWWenKaiLite-Regular.ttf */; };
		7A47340D4C087452E0BF4302 /* OnboardingView.swift in Sources */ = {isa = PBXBuildFile; fileRef = 340A969988D0B51D67F65EF8 /* OnboardingView.swift */; };
		8869FDFCA5728ACA46EABE11 /* PoetryDesignSystem.swift in Sources */ = {isa = PBXBuildFile; fileRef = DBEC32E49B57E2DE40417879 /* PoetryDesignSystem.swift */; };
		96AF39A7E386C9861E9D12AB /* pei_lan.m4a in Resources */ = {isa = PBXBuildFile; fileRef = 38169F15687762495105F54C /* pei_lan.m4a */; };
		97E8970525BF6FA8F6A6D65E /* SourceHanSerifCN-ExtraLight.otf in Resources */ = {isa = PBXBuildFile; fileRef = D76D6A60A9F86F4B3285BEBE /* SourceHanSerifCN-ExtraLight.otf */; };
		984BA36C36E8BE7439CB779E /* TangShiThreeHundred.json in Resources */ = {isa = PBXBuildFile; fileRef = F3A6F7D7D86B09B62834E0D3 /* TangShiThreeHundred.json */; };
		99336E21A91B271726B0A7B5 /* MaShanZheng-Regular.ttf in Resources */ = {isa = PBXBuildFile; fileRef = A990BA46481D255673C50AF6 /* MaShanZheng-Regular.ttf */; };
		997B0EE91162EC7D83940461 /* PoemLocationProvider.swift in Sources */ = {isa = PBXBuildFile; fileRef = 01782132C37D6A1E1393C6B9 /* PoemLocationProvider.swift */; };
		A21E34300F0DBA31CBC6D5C7 /* FZXiaoZhuanTi.ttf in Resources */ = {isa = PBXBuildFile; fileRef = 7B787452B0D5C00532F94190 /* FZXiaoZhuanTi.ttf */; };
		B15D3CBF62A6D17DE550784E /* DappledShadowView.swift in Sources */ = {isa = PBXBuildFile; fileRef = 52100786748C874758414C79 /* DappledShadowView.swift */; };
		B5A95ED9D07DE734785ED137 /* AIConfig.plist in Resources */ = {isa = PBXBuildFile; fileRef = C7A6A37FC8F4CBAADDB4C1DA /* AIConfig.plist */; };
		D48EDBAA8809DB7764E613A6 /* BailianPoetryClient.swift in Sources */ = {isa = PBXBuildFile; fileRef = DEB7F8076820EA9AE2B143AB /* BailianPoetryClient.swift */; };
		DD1456093DEDFA8493BCAF70 /* ClassicPoemCommentary-en.json in Resources */ = {isa = PBXBuildFile; fileRef = D61E13EE610697334AACCF9D /* ClassicPoemCommentary-en.json */; };
		E234CEAE43D5A0EE46A02AFC /* SongCiThreeHundredLibrary.swift in Sources */ = {isa = PBXBuildFile; fileRef = AAD629E784D60189AE86D4E9 /* SongCiThreeHundredLibrary.swift */; };
		ECBA2D1613D801388E42BCB1 /* DailyPoemPicker.swift in Sources */ = {isa = PBXBuildFile; fileRef = BAB740858662FCB67A80D03A /* DailyPoemPicker.swift */; };
		F01D352FB7BF7815C95E67BE /* guqin_zuiyu_changwan.m4a in Resources */ = {isa = PBXBuildFile; fileRef = 03F3F07B15514CD35C0C762C /* guqin_zuiyu_changwan.m4a */; };
		FC3C99E5A8FCF02F156BB914 /* ClassicPoemCommentary-zh.json in Resources */ = {isa = PBXBuildFile; fileRef = 72259BE3C0EA9E773ED0E4FC /* ClassicPoemCommentary-zh.json */; };
/* End PBXBuildFile section */

/* Begin PBXFileReference section */
		015CB36912E6273007CEC813 /* PoemComposerView.swift */ = {isa = PBXFileReference; lastKnownFileType = sourcecode.swift; path = PoemComposerView.swift; sourceTree = "<group>"; };
		01782132C37D6A1E1393C6B9 /* PoemLocationProvider.swift */ = {isa = PBXFileReference; lastKnownFileType = sourcecode.swift; path = PoemLocationProvider.swift; sourceTree = "<group>"; };
		03F3F07B15514CD35C0C762C /* guqin_zuiyu_changwan.m4a */ = {isa = PBXFileReference; path = guqin_zuiyu_changwan.m4a; sourceTree = "<group>"; };
		09FAFAB2AC93AA2BEAE6E3B4 /* qiu_feng_ci.m4a */ = {isa = PBXFileReference; path = qiu_feng_ci.m4a; sourceTree = "<group>"; };
		0B5E1C7761EF91CFD11F58C7 /* HuiwenMincho.otf */ = {isa = PBXFileReference; lastKnownFileType = file; path = HuiwenMincho.otf; sourceTree = "<group>"; };
		164170EF217B7D045BF98FC6 /* ATTRIBUTION.md */ = {isa = PBXFileReference; lastKnownFileType = net.daringfireball.markdown; path = ATTRIBUTION.md; sourceTree = "<group>"; };
		1BD2F38AA54792DABF33C930 /* SpotlightGuide.swift */ = {isa = PBXFileReference; lastKnownFileType = sourcecode.swift; path = SpotlightGuide.swift; sourceTree = "<group>"; };
		340A969988D0B51D67F65EF8 /* OnboardingView.swift */ = {isa = PBXFileReference; lastKnownFileType = sourcecode.swift; path = OnboardingView.swift; sourceTree = "<group>"; };
		357EF1E8CDF2B9C5C7D31AD4 /* liu_shui.m4a */ = {isa = PBXFileReference; path = liu_shui.m4a; sourceTree = "<group>"; };
		38169F15687762495105F54C /* pei_lan.m4a */ = {isa = PBXFileReference; path = pei_lan.m4a; sourceTree = "<group>"; };
		3BD36889E72BE5CC87689B14 /* en */ = {isa = PBXFileReference; lastKnownFileType = text.plist.strings; name = en; path = en.lproj/InfoPlist.strings; sourceTree = "<group>"; };
		A1C0DE0000000000000000A1 /* zh-Hans */ = {isa = PBXFileReference; lastKnownFileType = text.plist.strings; name = "zh-Hans"; path = "zh-Hans.lproj/InfoPlist.strings"; sourceTree = "<group>"; };
		A1C0DE0000000000000000A2 /* zh-Hant */ = {isa = PBXFileReference; lastKnownFileType = text.plist.strings; name = "zh-Hant"; path = "zh-Hant.lproj/InfoPlist.strings"; sourceTree = "<group>"; };
		3D5718A6538BE050FDF17F69 /* PoetGalleryView.swift */ = {isa = PBXFileReference; lastKnownFileType = sourcecode.swift; path = PoetGalleryView.swift; sourceTree = "<group>"; };
		4504E3EDE22DFD3867CA163A /* Poetry.app */ = {isa = PBXFileReference; includeInIndex = 0; lastKnownFileType = wrapper.application; path = Poetry.app; sourceTree = BUILT_PRODUCTS_DIR; };
		48F2B781FE1CC7A124258630 /* ClassicPoemTranslation-en.json */ = {isa = PBXFileReference; lastKnownFileType = text.json; path = "ClassicPoemTranslation-en.json"; sourceTree = "<group>"; };
		018FAE2F9E38DBE2AE3126CA /* ClassicPoemTranslation-zh.json */ = {isa = PBXFileReference; lastKnownFileType = text.json; path = "ClassicPoemTranslation-zh.json"; sourceTree = "<group>"; };
		52100786748C874758414C79 /* DappledShadowView.swift */ = {isa = PBXFileReference; lastKnownFileType = sourcecode.swift; path = DappledShadowView.swift; sourceTree = "<group>"; };
		6219AE591884B9E04A73297E /* Products.storekit */ = {isa = PBXFileReference; path = Products.storekit; sourceTree = "<group>"; };
		667846721A046919D41A479B /* ClassicPoet.swift */ = {isa = PBXFileReference; lastKnownFileType = sourcecode.swift; path = ClassicPoet.swift; sourceTree = "<group>"; };
		6859CCFEC92069C08354BD1F /* WenYueGuTiFangSongTC.otf */ = {isa = PBXFileReference; lastKnownFileType = file; path = WenYueGuTiFangSongTC.otf; sourceTree = "<group>"; };
		69B925676B606F89E71000DE /* Info.plist */ = {isa = PBXFileReference; lastKnownFileType = text.plist; path = Info.plist; sourceTree = "<group>"; };
		72259BE3C0EA9E773ED0E4FC /* ClassicPoemCommentary-zh.json */ = {isa = PBXFileReference; lastKnownFileType = text.json; path = "ClassicPoemCommentary-zh.json"; sourceTree = "<group>"; };
		739DC39A4B4A9F8E156A1458 /* pingsha_luoyan.m4a */ = {isa = PBXFileReference; path = pingsha_luoyan.m4a; sourceTree = "<group>"; };
		7B787452B0D5C00532F94190 /* FZXiaoZhuanTi.ttf */ = {isa = PBXFileReference; lastKnownFileType = file; path = FZXiaoZhuanTi.ttf; sourceTree = "<group>"; };
		81A16E1C415515282FF3A754 /* PoemMusicPlayer.swift */ = {isa = PBXFileReference; lastKnownFileType = sourcecode.swift; path = PoemMusicPlayer.swift; sourceTree = "<group>"; };
		9628D38EBACAE00D0AB57325 /* guqin_yangguan_sandie.m4a */ = {isa = PBXFileReference; path = guqin_yangguan_sandie.m4a; sourceTree = "<group>"; };
		986224FEE3E62C01D561DD0E /* TangShiThreeHundredLibrary.swift */ = {isa = PBXFileReference; lastKnownFileType = sourcecode.swift; path = TangShiThreeHundredLibrary.swift; sourceTree = "<group>"; };
		A990BA46481D255673C50AF6 /* MaShanZheng-Regular.ttf */ = {isa = PBXFileReference; lastKnownFileType = file; path = "MaShanZheng-Regular.ttf"; sourceTree = "<group>"; };
		AAD629E784D60189AE86D4E9 /* SongCiThreeHundredLibrary.swift */ = {isa = PBXFileReference; lastKnownFileType = sourcecode.swift; path = SongCiThreeHundredLibrary.swift; sourceTree = "<group>"; };
		AE5E8E17A2316466737D3E99 /* NameTransliterator.swift */ = {isa = PBXFileReference; lastKnownFileType = sourcecode.swift; path = NameTransliterator.swift; sourceTree = "<group>"; };
		BAB740858662FCB67A80D03A /* DailyPoemPicker.swift */ = {isa = PBXFileReference; lastKnownFileType = sourcecode.swift; path = DailyPoemPicker.swift; sourceTree = "<group>"; };
		C7A6A37FC8F4CBAADDB4C1DA /* AIConfig.plist */ = {isa = PBXFileReference; lastKnownFileType = text.plist; path = AIConfig.plist; sourceTree = "<group>"; };
		C9C73057A8AA2B1B55459E97 /* ClassicPoemTitle-en.json */ = {isa = PBXFileReference; lastKnownFileType = text.json; path = "ClassicPoemTitle-en.json"; sourceTree = "<group>"; };
		CF022F287632A87217A8F61E /* LXGWWenKaiLite-Regular.ttf */ = {isa = PBXFileReference; lastKnownFileType = file; path = "LXGWWenKaiLite-Regular.ttf"; sourceTree = "<group>"; };
		D61E13EE610697334AACCF9D /* ClassicPoemCommentary-en.json */ = {isa = PBXFileReference; lastKnownFileType = text.json; path = "ClassicPoemCommentary-en.json"; sourceTree = "<group>"; };
		D76D6A60A9F86F4B3285BEBE /* SourceHanSerifCN-ExtraLight.otf */ = {isa = PBXFileReference; lastKnownFileType = file; path = "SourceHanSerifCN-ExtraLight.otf"; sourceTree = "<group>"; };
		DBEC32E49B57E2DE40417879 /* PoetryDesignSystem.swift */ = {isa = PBXFileReference; lastKnownFileType = sourcecode.swift; path = PoetryDesignSystem.swift; sourceTree = "<group>"; };
		DE9B4B6B26B2F75D6D84D819 /* ClassicPoetryView.swift */ = {isa = PBXFileReference; lastKnownFileType = sourcecode.swift; path = ClassicPoetryView.swift; sourceTree = "<group>"; };
		DEB7F8076820EA9AE2B143AB /* BailianPoetryClient.swift */ = {isa = PBXFileReference; lastKnownFileType = sourcecode.swift; path = BailianPoetryClient.swift; sourceTree = "<group>"; };
		E9D0C31D37A622B5F5477405 /* PoetryApp.swift */ = {isa = PBXFileReference; lastKnownFileType = sourcecode.swift; path = PoetryApp.swift; sourceTree = "<group>"; };
		EECFFFDE94EAEA267204DCC7 /* StoreManager.swift */ = {isa = PBXFileReference; lastKnownFileType = sourcecode.swift; path = StoreManager.swift; sourceTree = "<group>"; };
		F3A6F7D7D86B09B62834E0D3 /* TangShiThreeHundred.json */ = {isa = PBXFileReference; lastKnownFileType = text.json; path = TangShiThreeHundred.json; sourceTree = "<group>"; };
		F62C30408E552A0B41C6FF95 /* Assets.xcassets */ = {isa = PBXFileReference; lastKnownFileType = folder.assetcatalog; path = Assets.xcassets; sourceTree = "<group>"; };
		F9C3DF9D994F99E1647DBDF8 /* SongCiThreeHundred.json */ = {isa = PBXFileReference; lastKnownFileType = text.json; path = SongCiThreeHundred.json; sourceTree = "<group>"; };
		FAC451B10B428A2F1989BC39 /* ClassicPoem.swift */ = {isa = PBXFileReference; lastKnownFileType = sourcecode.swift; path = ClassicPoem.swift; sourceTree = "<group>"; };
/* End PBXFileReference section */

/* Begin PBXGroup section */
		132B5DFB7E258F843E0B4B4D /* Audio */ = {
			isa = PBXGroup;
			children = (
				164170EF217B7D045BF98FC6 /* ATTRIBUTION.md */,
				9628D38EBACAE00D0AB57325 /* guqin_yangguan_sandie.m4a */,
				03F3F07B15514CD35C0C762C /* guqin_zuiyu_changwan.m4a */,
				357EF1E8CDF2B9C5C7D31AD4 /* liu_shui.m4a */,
				38169F15687762495105F54C /* pei_lan.m4a */,
				739DC39A4B4A9F8E156A1458 /* pingsha_luoyan.m4a */,
				09FAFAB2AC93AA2BEAE6E3B4 /* qiu_feng_ci.m4a */,
			);
			path = Audio;
			sourceTree = "<group>";
		};
		387362BCCFB0FAC568BE7BEE /* Products */ = {
			isa = PBXGroup;
			children = (
				4504E3EDE22DFD3867CA163A /* Poetry.app */,
			);
			name = Products;
			sourceTree = "<group>";
		};
		513312DA7977AE798064545E = {
			isa = PBXGroup;
			children = (
				5E128B596DA62053DA35ECF1 /* Poetry */,
				387362BCCFB0FAC568BE7BEE /* Products */,
			);
			sourceTree = "<group>";
		};
		5E128B596DA62053DA35ECF1 /* Poetry */ = {
			isa = PBXGroup;
			children = (
				C7A6A37FC8F4CBAADDB4C1DA /* AIConfig.plist */,
				F62C30408E552A0B41C6FF95 /* Assets.xcassets */,
				DEB7F8076820EA9AE2B143AB /* BailianPoetryClient.swift */,
				FAC451B10B428A2F1989BC39 /* ClassicPoem.swift */,
				D61E13EE610697334AACCF9D /* ClassicPoemCommentary-en.json */,
				72259BE3C0EA9E773ED0E4FC /* ClassicPoemCommentary-zh.json */,
				C9C73057A8AA2B1B55459E97 /* ClassicPoemTitle-en.json */,
				48F2B781FE1CC7A124258630 /* ClassicPoemTranslation-en.json */,
				018FAE2F9E38DBE2AE3126CA /* ClassicPoemTranslation-zh.json */,
				667846721A046919D41A479B /* ClassicPoet.swift */,
				DE9B4B6B26B2F75D6D84D819 /* ClassicPoetryView.swift */,
				BAB740858662FCB67A80D03A /* DailyPoemPicker.swift */,
				52100786748C874758414C79 /* DappledShadowView.swift */,
				69B925676B606F89E71000DE /* Info.plist */,
				E3649A4A8322DBBBD3EBDDEC /* InfoPlist.strings */,
				AE5E8E17A2316466737D3E99 /* NameTransliterator.swift */,
				340A969988D0B51D67F65EF8 /* OnboardingView.swift */,
				015CB36912E6273007CEC813 /* PoemComposerView.swift */,
				01782132C37D6A1E1393C6B9 /* PoemLocationProvider.swift */,
				81A16E1C415515282FF3A754 /* PoemMusicPlayer.swift */,
				3D5718A6538BE050FDF17F69 /* PoetGalleryView.swift */,
				E9D0C31D37A622B5F5477405 /* PoetryApp.swift */,
				DBEC32E49B57E2DE40417879 /* PoetryDesignSystem.swift */,
				6219AE591884B9E04A73297E /* Products.storekit */,
				F9C3DF9D994F99E1647DBDF8 /* SongCiThreeHundred.json */,
				AAD629E784D60189AE86D4E9 /* SongCiThreeHundredLibrary.swift */,
				1BD2F38AA54792DABF33C930 /* SpotlightGuide.swift */,
				EECFFFDE94EAEA267204DCC7 /* StoreManager.swift */,
				F3A6F7D7D86B09B62834E0D3 /* TangShiThreeHundred.json */,
				986224FEE3E62C01D561DD0E /* TangShiThreeHundredLibrary.swift */,
				132B5DFB7E258F843E0B4B4D /* Audio */,
				A293682FEB78E77485F54FE8 /* Fonts */,
			);
			path = Poetry;
			sourceTree = "<group>";
		};
		A293682FEB78E77485F54FE8 /* Fonts */ = {
			isa = PBXGroup;
			children = (
				7B787452B0D5C00532F94190 /* FZXiaoZhuanTi.ttf */,
				0B5E1C7761EF91CFD11F58C7 /* HuiwenMincho.otf */,
				CF022F287632A87217A8F61E /* LXGWWenKaiLite-Regular.ttf */,
				A990BA46481D255673C50AF6 /* MaShanZheng-Regular.ttf */,
				D76D6A60A9F86F4B3285BEBE /* SourceHanSerifCN-ExtraLight.otf */,
				6859CCFEC92069C08354BD1F /* WenYueGuTiFangSongTC.otf */,
			);
			path = Fonts;
			sourceTree = "<group>";
		};
/* End PBXGroup section */

/* Begin PBXNativeTarget section */
		D32BEA97714DCC2C341228A3 /* Poetry */ = {
			isa = PBXNativeTarget;
			buildConfigurationList = 436007C2B5E8CE0E7CD9EFF0 /* Build configuration list for PBXNativeTarget "Poetry" */;
			buildPhases = (
				129BCB89E43D0229667BD87C /* Sources */,
				256EC5EA0F0D71E5A3DEBADD /* Resources */,
			);
			buildRules = (
			);
			dependencies = (
			);
			name = Poetry;
			packageProductDependencies = (
			);
			productName = Poetry;
			productReference = 4504E3EDE22DFD3867CA163A /* Poetry.app */;
			productType = "com.apple.product-type.application";
		};
/* End PBXNativeTarget section */

/* Begin PBXProject section */
		37DB8EC8B54B985BEC4B0E2A /* Project object */ = {
			isa = PBXProject;
			attributes = {
				BuildIndependentTargetsInParallel = YES;
				LastUpgradeCheck = 1430;
				TargetAttributes = {
					D32BEA97714DCC2C341228A3 = {
						DevelopmentTeam = 9G5964XAXT;
					};
				};
			};
			buildConfigurationList = 3C925A10E976CCBFFD4CE7D1 /* Build configuration list for PBXProject "Poetry" */;
			compatibilityVersion = "Xcode 14.0";
			developmentRegion = en;
			hasScannedForEncodings = 0;
			knownRegions = (
				Base,
				en,
				"zh-Hans",
				"zh-Hant",
			);
			mainGroup = 513312DA7977AE798064545E;
			minimizedProjectReferenceProxies = 1;
			preferredProjectObjectVersion = 77;
			projectDirPath = "";
			projectRoot = "";
			targets = (
				D32BEA97714DCC2C341228A3 /* Poetry */,
			);
		};
/* End PBXProject section */

/* Begin PBXResourcesBuildPhase section */
		256EC5EA0F0D71E5A3DEBADD /* Resources */ = {
			isa = PBXResourcesBuildPhase;
			buildActionMask = 2147483647;
			files = (
				B5A95ED9D07DE734785ED137 /* AIConfig.plist in Resources */,
				05C10F5EA88CBDA1ED174631 /* ATTRIBUTION.md in Resources */,
				70C6C1E67BEB9EE0AE98C190 /* Assets.xcassets in Resources */,
				DD1456093DEDFA8493BCAF70 /* ClassicPoemCommentary-en.json in Resources */,
				FC3C99E5A8FCF02F156BB914 /* ClassicPoemCommentary-zh.json in Resources */,
				01D8128740A2C4FD8703C57D /* ClassicPoemTitle-en.json in Resources */,
				6AE96111958BA7282B5864E5 /* ClassicPoemTranslation-en.json in Resources */,
				0C8BE91914269DC371153D1F /* ClassicPoemTranslation-zh.json in Resources */,
				A21E34300F0DBA31CBC6D5C7 /* FZXiaoZhuanTi.ttf in Resources */,
				1DD57F4A995CD42029E8558B /* HuiwenMincho.otf in Resources */,
				293F14FCF472DF103EE953B7 /* InfoPlist.strings in Resources */,
				722BE2E663079DD3264F3BDB /* LXGWWenKaiLite-Regular.ttf in Resources */,
				99336E21A91B271726B0A7B5 /* MaShanZheng-Regular.ttf in Resources */,
				41D01F01E8516EFD0053645D /* Products.storekit in Resources */,
				3C31BF2EBC887A10D1BB132E /* SongCiThreeHundred.json in Resources */,
				97E8970525BF6FA8F6A6D65E /* SourceHanSerifCN-ExtraLight.otf in Resources */,
				984BA36C36E8BE7439CB779E /* TangShiThreeHundred.json in Resources */,
				4DB48F7C4F5FBFC531519E42 /* WenYueGuTiFangSongTC.otf in Resources */,
				0549E40EF09FE4C9B8446814 /* guqin_yangguan_sandie.m4a in Resources */,
				F01D352FB7BF7815C95E67BE /* guqin_zuiyu_changwan.m4a in Resources */,
				5ED398FECB6CF03717D50DFF /* liu_shui.m4a in Resources */,
				96AF39A7E386C9861E9D12AB /* pei_lan.m4a in Resources */,
				37F011121183F7A93EF41BB9 /* pingsha_luoyan.m4a in Resources */,
				30E651F799331555B618CEBC /* qiu_feng_ci.m4a in Resources */,
			);
			runOnlyForDeploymentPostprocessing = 0;
		};
/* End PBXResourcesBuildPhase section */

/* Begin PBXSourcesBuildPhase section */
		129BCB89E43D0229667BD87C /* Sources */ = {
			isa = PBXSourcesBuildPhase;
			buildActionMask = 2147483647;
			files = (
				D48EDBAA8809DB7764E613A6 /* BailianPoetryClient.swift in Sources */,
				195BEC16D6D930F582E4C06E /* ClassicPoem.swift in Sources */,
				577E4C177BB4F8FF570BC57E /* ClassicPoet.swift in Sources */,
				3C2D989C46169C6ED8547542 /* ClassicPoetryView.swift in Sources */,
				ECBA2D1613D801388E42BCB1 /* DailyPoemPicker.swift in Sources */,
				B15D3CBF62A6D17DE550784E /* DappledShadowView.swift in Sources */,
				6589AFB4A6B89708BFDF9EDA /* NameTransliterator.swift in Sources */,
				7A47340D4C087452E0BF4302 /* OnboardingView.swift in Sources */,
				24177CBFA190254D7C90BAAF /* PoemComposerView.swift in Sources */,
				997B0EE91162EC7D83940461 /* PoemLocationProvider.swift in Sources */,
				11CC84A0F09B4779890A464F /* PoemMusicPlayer.swift in Sources */,
				2BD9BEFD5CD208A4053E5DD9 /* PoetGalleryView.swift in Sources */,
				4D04335B6FC9293844D726A6 /* PoetryApp.swift in Sources */,
				8869FDFCA5728ACA46EABE11 /* PoetryDesignSystem.swift in Sources */,
				E234CEAE43D5A0EE46A02AFC /* SongCiThreeHundredLibrary.swift in Sources */,
				4BECA6E696CE8BEDEFCA0FB7 /* SpotlightGuide.swift in Sources */,
				00DC6E60E773FA6676458F2B /* StoreManager.swift in Sources */,
				3B85ED4598D24C64F18C2A84 /* TangShiThreeHundredLibrary.swift in Sources */,
			);
			runOnlyForDeploymentPostprocessing = 0;
		};
/* End PBXSourcesBuildPhase section */

/* Begin PBXVariantGroup section */
		E3649A4A8322DBBBD3EBDDEC /* InfoPlist.strings */ = {
			isa = PBXVariantGroup;
			children = (
				3BD36889E72BE5CC87689B14 /* en */,
				A1C0DE0000000000000000A1 /* zh-Hans */,
				A1C0DE0000000000000000A2 /* zh-Hant */,
			);
			name = InfoPlist.strings;
			sourceTree = "<group>";
		};
/* End PBXVariantGroup section */

/* Begin XCBuildConfiguration section */
		525BFE23A92CF159D996CC35 /* Debug */ = {
			isa = XCBuildConfiguration;
			buildSettings = {
				ALWAYS_SEARCH_USER_PATHS = NO;
				CLANG_ANALYZER_NONNULL = YES;
				CLANG_ANALYZER_NUMBER_OBJECT_CONVERSION = YES_AGGRESSIVE;
				CLANG_CXX_LANGUAGE_STANDARD = "gnu++14";
				CLANG_CXX_LIBRARY = "libc++";
				CLANG_ENABLE_MODULES = YES;
				CLANG_ENABLE_OBJC_ARC = YES;
				CLANG_ENABLE_OBJC_WEAK = YES;
				CLANG_WARN_BLOCK_CAPTURE_AUTORELEASING = YES;
				CLANG_WARN_BOOL_CONVERSION = YES;
				CLANG_WARN_COMMA = YES;
				CLANG_WARN_CONSTANT_CONVERSION = YES;
				CLANG_WARN_DEPRECATED_OBJC_IMPLEMENTATIONS = YES;
				CLANG_WARN_DIRECT_OBJC_ISA_USAGE = YES_ERROR;
				CLANG_WARN_DOCUMENTATION_COMMENTS = YES;
				CLANG_WARN_EMPTY_BODY = YES;
				CLANG_WARN_ENUM_CONVERSION = YES;
				CLANG_WARN_INFINITE_RECURSION = YES;
				CLANG_WARN_INT_CONVERSION = YES;
				CLANG_WARN_NON_LITERAL_NULL_CONVERSION = YES;
				CLANG_WARN_OBJC_IMPLICIT_RETAIN_SELF = YES;
				CLANG_WARN_OBJC_LITERAL_CONVERSION = YES;
				CLANG_WARN_OBJC_ROOT_CLASS = YES_ERROR;
				CLANG_WARN_QUOTED_INCLUDE_IN_FRAMEWORK_HEADER = YES;
				CLANG_WARN_RANGE_LOOP_ANALYSIS = YES;
				CLANG_WARN_STRICT_PROTOTYPES = YES;
				CLANG_WARN_SUSPICIOUS_MOVE = YES;
				CLANG_WARN_UNGUARDED_AVAILABILITY = YES_AGGRESSIVE;
				CLANG_WARN_UNREACHABLE_CODE = YES;
				CLANG_WARN__DUPLICATE_METHOD_MATCH = YES;
				COPY_PHASE_STRIP = NO;
				DEBUG_INFORMATION_FORMAT = dwarf;
				ENABLE_STRICT_OBJC_MSGSEND = YES;
				ENABLE_TESTABILITY = YES;
				GCC_C_LANGUAGE_STANDARD = gnu11;
				GCC_DYNAMIC_NO_PIC = NO;
				GCC_NO_COMMON_BLOCKS = YES;
				GCC_OPTIMIZATION_LEVEL = 0;
				GCC_PREPROCESSOR_DEFINITIONS = (
					"$(inherited)",
					"DEBUG=1",
				);
				GCC_WARN_64_TO_32_BIT_CONVERSION = YES;
				GCC_WARN_ABOUT_RETURN_TYPE = YES_ERROR;
				GCC_WARN_UNDECLARED_SELECTOR = YES;
				GCC_WARN_UNINITIALIZED_AUTOS = YES_AGGRESSIVE;
				GCC_WARN_UNUSED_FUNCTION = YES;
				GCC_WARN_UNUSED_VARIABLE = YES;
				IPHONEOS_DEPLOYMENT_TARGET = 17.0;
				MTL_ENABLE_DEBUG_INFO = INCLUDE_SOURCE;
				MTL_FAST_MATH = YES;
				ONLY_ACTIVE_ARCH = YES;
				PRODUCT_NAME = "$(TARGET_NAME)";
				SDKROOT = iphoneos;
				SWIFT_ACTIVE_COMPILATION_CONDITIONS = DEBUG;
				SWIFT_OPTIMIZATION_LEVEL = "-Onone";
				SWIFT_VERSION = 5.0;
			};
			name = Debug;
		};
		5A32E4CF904A9DEC0F69C085 /* Debug */ = {
			isa = XCBuildConfiguration;
			buildSettings = {
				ASSETCATALOG_COMPILER_APPICON_NAME = AppIcon;
				CODE_SIGN_IDENTITY = "iPhone Developer";
				CURRENT_PROJECT_VERSION = 11;
				DEVELOPMENT_TEAM = 9G5964XAXT;
				INFOPLIST_FILE = Poetry/Info.plist;
				LD_RUNPATH_SEARCH_PATHS = (
					"$(inherited)",
					"@executable_path/Frameworks",
				);
				MARKETING_VERSION = 1.5;
				PRODUCT_BUNDLE_IDENTIFIER = com.raowenjie.Poetry;
				SDKROOT = iphoneos;
				TARGETED_DEVICE_FAMILY = "1,2";
			};
			name = Debug;
		};
		EC5600E4A8B8388A342962BD /* Release */ = {
			isa = XCBuildConfiguration;
			buildSettings = {
				ASSETCATALOG_COMPILER_APPICON_NAME = AppIcon;
				CODE_SIGN_IDENTITY = "iPhone Developer";
				CURRENT_PROJECT_VERSION = 11;
				DEVELOPMENT_TEAM = 9G5964XAXT;
				INFOPLIST_FILE = Poetry/Info.plist;
				LD_RUNPATH_SEARCH_PATHS = (
					"$(inherited)",
					"@executable_path/Frameworks",
				);
				MARKETING_VERSION = 1.5;
				PRODUCT_BUNDLE_IDENTIFIER = com.raowenjie.Poetry;
				SDKROOT = iphoneos;
				TARGETED_DEVICE_FAMILY = "1,2";
			};
			name = Release;
		};
		F197ABB56531B87EA913F3BD /* Release */ = {
			isa = XCBuildConfiguration;
			buildSettings = {
				ALWAYS_SEARCH_USER_PATHS = NO;
				CLANG_ANALYZER_NONNULL = YES;
				CLANG_ANALYZER_NUMBER_OBJECT_CONVERSION = YES_AGGRESSIVE;
				CLANG_CXX_LANGUAGE_STANDARD = "gnu++14";
				CLANG_CXX_LIBRARY = "libc++";
				CLANG_ENABLE_MODULES = YES;
				CLANG_ENABLE_OBJC_ARC = YES;
				CLANG_ENABLE_OBJC_WEAK = YES;
				CLANG_WARN_BLOCK_CAPTURE_AUTORELEASING = YES;
				CLANG_WARN_BOOL_CONVERSION = YES;
				CLANG_WARN_COMMA = YES;
				CLANG_WARN_CONSTANT_CONVERSION = YES;
				CLANG_WARN_DEPRECATED_OBJC_IMPLEMENTATIONS = YES;
				CLANG_WARN_DIRECT_OBJC_ISA_USAGE = YES_ERROR;
				CLANG_WARN_DOCUMENTATION_COMMENTS = YES;
				CLANG_WARN_EMPTY_BODY = YES;
				CLANG_WARN_ENUM_CONVERSION = YES;
				CLANG_WARN_INFINITE_RECURSION = YES;
				CLANG_WARN_INT_CONVERSION = YES;
				CLANG_WARN_NON_LITERAL_NULL_CONVERSION = YES;
				CLANG_WARN_OBJC_IMPLICIT_RETAIN_SELF = YES;
				CLANG_WARN_OBJC_LITERAL_CONVERSION = YES;
				CLANG_WARN_OBJC_ROOT_CLASS = YES_ERROR;
				CLANG_WARN_QUOTED_INCLUDE_IN_FRAMEWORK_HEADER = YES;
				CLANG_WARN_RANGE_LOOP_ANALYSIS = YES;
				CLANG_WARN_STRICT_PROTOTYPES = YES;
				CLANG_WARN_SUSPICIOUS_MOVE = YES;
				CLANG_WARN_UNGUARDED_AVAILABILITY = YES_AGGRESSIVE;
				CLANG_WARN_UNREACHABLE_CODE = YES;
				CLANG_WARN__DUPLICATE_METHOD_MATCH = YES;
				COPY_PHASE_STRIP = NO;
				DEBUG_INFORMATION_FORMAT = "dwarf-with-dsym";
				ENABLE_NS_ASSERTIONS = NO;
				ENABLE_STRICT_OBJC_MSGSEND = YES;
				GCC_C_LANGUAGE_STANDARD = gnu11;
				GCC_NO_COMMON_BLOCKS = YES;
				GCC_WARN_64_TO_32_BIT_CONVERSION = YES;
				GCC_WARN_ABOUT_RETURN_TYPE = YES_ERROR;
				GCC_WARN_UNDECLARED_SELECTOR = YES;
				GCC_WARN_UNINITIALIZED_AUTOS = YES_AGGRESSIVE;
				GCC_WARN_UNUSED_FUNCTION = YES;
				GCC_WARN_UNUSED_VARIABLE = YES;
				IPHONEOS_DEPLOYMENT_TARGET = 17.0;
				MTL_ENABLE_DEBUG_INFO = NO;
				MTL_FAST_MATH = YES;
				PRODUCT_NAME = "$(TARGET_NAME)";
				SDKROOT = iphoneos;
				SWIFT_COMPILATION_MODE = wholemodule;
				SWIFT_OPTIMIZATION_LEVEL = "-O";
				SWIFT_VERSION = 5.0;
			};
			name = Release;
		};
/* End XCBuildConfiguration section */

/* Begin XCConfigurationList section */
		3C925A10E976CCBFFD4CE7D1 /* Build configuration list for PBXProject "Poetry" */ = {
			isa = XCConfigurationList;
			buildConfigurations = (
				525BFE23A92CF159D996CC35 /* Debug */,
				F197ABB56531B87EA913F3BD /* Release */,
			);
			defaultConfigurationIsVisible = 0;
			defaultConfigurationName = Debug;
		};
		436007C2B5E8CE0E7CD9EFF0 /* Build configuration list for PBXNativeTarget "Poetry" */ = {
			isa = XCConfigurationList;
			buildConfigurations = (
				5A32E4CF904A9DEC0F69C085 /* Debug */,
				EC5600E4A8B8388A342962BD /* Release */,
			);
			defaultConfigurationIsVisible = 0;
			defaultConfigurationName = Debug;
		};
/* End XCConfigurationList section */
	};
	rootObject = 37DB8EC8B54B985BEC4B0E2A /* Project object */;
}
